{
  "name": "roadster-prototype",
  "version": "1.0.0",
  "lockfileVersion": 1,
  "requires": true,
  "dependencies": {
    "@salesforce-ux/design-system": {
      "version": "2.6.1",
      "resolved": "https://registry.npmjs.org/@salesforce-ux/design-system/-/design-system-2.6.1.tgz",
      "integrity": "sha512-PAN/7CuNfRySOj0qa9iEQp5fAY5P4vRDYHxvPvV7t7IJVQpPKWIdl4TRVGyWFCPPkYwxQSUH5TgNCNjF3Ch4Dw=="
    },
    "bootstrap": {
      "version": "3.3.7",
      "resolved": "https://registry.npmjs.org/bootstrap/-/bootstrap-3.3.7.tgz",
      "integrity": "sha1-WjiTlFSfIzMIdaOxUGVldPip63E="
    },
    "glyphicons-only-bootstrap": {
      "version": "1.0.1",
      "resolved": "https://registry.npmjs.org/glyphicons-only-bootstrap/-/glyphicons-only-bootstrap-1.0.1.tgz",
      "integrity": "sha1-oE+aJaIMRhP5j5cLB69AkYoR73w="
    },
    "jquery": {
      "version": "3.3.1",
      "resolved": "https://registry.npmjs.org/jquery/-/jquery-3.3.1.tgz",
      "integrity": "sha512-Ubldcmxp5np52/ENotGxlLe6aGMvmF4R8S6tZjsP6Knsaxd/xp3Zrh50cG93lR6nPXyUFwzN3ZSOQI0wRJNdGg=="
    },
    "popper.js": {
      "version": "1.14.3",
      "resolved": "https://registry.npmjs.org/popper.js/-/popper.js-1.14.3.tgz",
      "integrity": "sha1-FDj5jQRqz3tNeM1QK/QYrGTU8JU="
    }
  }
}
